
Microsoft Visual Studio Solution File, Format Version 12.00
# Visual Studio Version 16
VisualStudioVersion = 16.0.34301.259
MinimumVisualStudioVersion = 10.0.40219.1
Project("{9A19103F-16F7-4668-BE54-9A1E7A4F7556}") = "advent_of_code_2023", "advent_of_code_2023.csproj", "{9515E173-3627-48BF-9824-8B9FEF8325BC}"
EndProject
Project("{9A19103F-16F7-4668-BE54-9A1E7A4F7556}") = "advent_of_code_common", "..\common\advent_of_code_common.csproj", "{1879FB19-9347-45C9-A7E6-CEB8B00E0793}"
EndProject
Global
	GlobalSection(SolutionConfigurationPlatforms) = preSolution
		Debug|Any CPU = Debug|Any CPU
		Release|Any CPU = Release|Any CPU
	EndGlobalSection
	GlobalSection(ProjectConfigurationPlatforms) = postSolution
		{9515E173-3627-48BF-9824-8B9FEF8325BC}.Debug|Any CPU.ActiveCfg = Debug|Any CPU
		{9515E173-3627-48BF-9824-8B9FEF8325BC}.Debug|Any CPU.Build.0 = Debug|Any CPU
		{9515E173-3627-48BF-9824-8B9FEF8325BC}.Release|Any CPU.ActiveCfg = Release|Any CPU
		{9515E173-3627-48BF-9824-8B9FEF8325BC}.Release|Any CPU.Build.0 = Release|Any CPU
		{1879FB19-9347-45C9-A7E6-CEB8B00E0793}.Debug|Any CPU.ActiveCfg = Debug|Any CPU
		{1879FB19-9347-45C9-A7E6-CEB8B00E0793}.Debug|Any CPU.Build.0 = Debug|Any CPU
		{1879FB19-9347-45C9-A7E6-CEB8B00E0793}.Release|Any CPU.ActiveCfg = Release|Any CPU
		{1879FB19-9347-45C9-A7E6-CEB8B00E0793}.Release|Any CPU.Build.0 = Release|Any CPU
	EndGlobalSection
	GlobalSection(SolutionProperties) = preSolution
		HideSolutionNode = FALSE
	EndGlobalSection
	GlobalSection(ExtensibilityGlobals) = postSolution
		SolutionGuid = {9A7FBE4F-5E24-49C0-8D1F-94E42ECAC966}
	EndGlobalSection
EndGlobal
