
Microsoft Visual Studio Solution File, Format Version 12.00
# Visual Studio Version 16
VisualStudioVersion = 16.0.32630.194
MinimumVisualStudioVersion = 10.0.40219.1
Project("{9A19103F-16F7-4668-BE54-9A1E7A4F7556}") = "advent_of_code_2019", "advent_of_code_2019.csproj", "{09F828AF-A70A-4BA4-BDBB-A87440D08F97}"
EndProject
Project("{9A19103F-16F7-4668-BE54-9A1E7A4F7556}") = "advent_of_code_common", "..\common\advent_of_code_common.csproj", "{5D2FEBF5-0395-4612-B516-604E72E03313}"
EndProject
Global
	GlobalSection(SolutionConfigurationPlatforms) = preSolution
		Debug|Any CPU = Debug|Any CPU
		Release|Any CPU = Release|Any CPU
	EndGlobalSection
	GlobalSection(ProjectConfigurationPlatforms) = postSolution
		{09F828AF-A70A-4BA4-BDBB-A87440D08F97}.Debug|Any CPU.ActiveCfg = Debug|Any CPU
		{09F828AF-A70A-4BA4-BDBB-A87440D08F97}.Debug|Any CPU.Build.0 = Debug|Any CPU
		{09F828AF-A70A-4BA4-BDBB-A87440D08F97}.Release|Any CPU.ActiveCfg = Release|Any CPU
		{09F828AF-A70A-4BA4-BDBB-A87440D08F97}.Release|Any CPU.Build.0 = Release|Any CPU
		{5D2FEBF5-0395-4612-B516-604E72E03313}.Debug|Any CPU.ActiveCfg = Debug|Any CPU
		{5D2FEBF5-0395-4612-B516-604E72E03313}.Debug|Any CPU.Build.0 = Debug|Any CPU
		{5D2FEBF5-0395-4612-B516-604E72E03313}.Release|Any CPU.ActiveCfg = Release|Any CPU
		{5D2FEBF5-0395-4612-B516-604E72E03313}.Release|Any CPU.Build.0 = Release|Any CPU
	EndGlobalSection
	GlobalSection(SolutionProperties) = preSolution
		HideSolutionNode = FALSE
	EndGlobalSection
	GlobalSection(ExtensibilityGlobals) = postSolution
		SolutionGuid = {1E2062AD-697C-4FBE-9E2C-C50B81B7CDD6}
	EndGlobalSection
EndGlobal
