
Microsoft Visual Studio Solution File, Format Version 12.00
# Visual Studio Version 17
VisualStudioVersion = 17.1.31911.260
MinimumVisualStudioVersion = 10.0.40219.1
Project("{FAE04EC0-301F-11D3-BF4B-00C04F79EFBC}") = "advent_of_code_2021", "advent_of_code_2021.csproj", "{DA6CFF84-32F8-42F0-9163-34DBFE26456E}"
EndProject
Global
	GlobalSection(SolutionConfigurationPlatforms) = preSolution
		Debug|Any CPU = Debug|Any CPU
		Release|Any CPU = Release|Any CPU
	EndGlobalSection
	GlobalSection(ProjectConfigurationPlatforms) = postSolution
		{DA6CFF84-32F8-42F0-9163-34DBFE26456E}.Debug|Any CPU.ActiveCfg = Debug|Any CPU
		{DA6CFF84-32F8-42F0-9163-34DBFE26456E}.Debug|Any CPU.Build.0 = Debug|Any CPU
		{DA6CFF84-32F8-42F0-9163-34DBFE26456E}.Release|Any CPU.ActiveCfg = Release|Any CPU
		{DA6CFF84-32F8-42F0-9163-34DBFE26456E}.Release|Any CPU.Build.0 = Release|Any CPU
	EndGlobalSection
	GlobalSection(SolutionProperties) = preSolution
		HideSolutionNode = FALSE
	EndGlobalSection
	GlobalSection(ExtensibilityGlobals) = postSolution
		SolutionGuid = {A975A5AB-2C03-4724-B16F-0D28B8D0935A}
	EndGlobalSection
EndGlobal
